
Microsoft Visual Studio Solution File, Format Version 12.00
# Visual Studio Version 16
VisualStudioVersion = 16.0.31205.134
MinimumVisualStudioVersion = 10.0.40219.1
Project("{FAE04EC0-301F-11D3-BF4B-00C04F79EFBC}") = "AntreanPasien", "AntreanPasien\AntreanPasien.csproj", "{00AA9A7A-4254-44CB-878E-028A80744D12}"
EndProject
Global
	GlobalSection(SolutionConfigurationPlatforms) = preSolution
		Debug|Any CPU = Debug|Any CPU
		Release|Any CPU = Release|Any CPU
	EndGlobalSection
	GlobalSection(ProjectConfigurationPlatforms) = postSolution
		{00AA9A7A-4254-44CB-878E-028A80744D12}.Debug|Any CPU.ActiveCfg = Debug|Any CPU
		{00AA9A7A-4254-44CB-878E-028A80744D12}.Debug|Any CPU.Build.0 = Debug|Any CPU
		{00AA9A7A-4254-44CB-878E-028A80744D12}.Release|Any CPU.ActiveCfg = Release|Any CPU
		{00AA9A7A-4254-44CB-878E-028A80744D12}.Release|Any CPU.Build.0 = Release|Any CPU
	EndGlobalSection
	GlobalSection(SolutionProperties) = preSolution
		HideSolutionNode = FALSE
	EndGlobalSection
	GlobalSection(ExtensibilityGlobals) = postSolution
		SolutionGuid = {01408345-F11F-4072-8EFA-B1541C5268EB}
	EndGlobalSection
EndGlobal
